lockfileVersion: '9.0'

settings:
  autoInstallPeers: true
  excludeLinksFromLockfile: false

importers:

  .:
    dependencies:
      '@tauri-apps/api':
        specifier: ^2.11.0
        version: 2.11.0
      '@tauri-apps/plugin-clipboard-manager':
        specifier: ^2.3.2
        version: 2.3.2
      '@tauri-apps/plugin-opener':
        specifier: ^2.5.4
        version: 2.5.4
      '@tauri-apps/plugin-updater':
        specifier: ^2.10.1
        version: 2.10.1
    devDependencies:
      '@tauri-apps/cli':
        specifier: ^2.11.1
        version: 2.11.1

packages:

  '@tauri-apps/api@2.11.0':
    resolution: {integrity: sha512-7CinYODhky9lmO23xHnUFv0Xt43fbtWMyxZcLcRBlFkcgXKuEirBvHpmtJ89YMhyeGcq20Wuc47Fa4XjyniywA==}

  '@tauri-apps/cli-darwin-arm64@2.11.1':
    resolution: {integrity: sha512-6eEKMBXsQPCuM1EmvrjT2+aBuxWQuFdKdW8pzNuNQtpq45nEEpBlD5gr8pUeAyOU1DQKlkFaEc/MPBxb/Pfjtg==}
    engines: {node: '>= 10'}
    cpu: [arm64]
    os: [darwin]

  '@tauri-apps/cli-darwin-x64@2.11.1':
    resolution: {integrity: sha512-LQUO7exfRWjWALNhetph5guWpMeHphRpokOLk0OIbTTExaNwJNFu3I4vb+CCM/4G/QGoZe/5XikZOJdNEFP1ig==}
    engines: {node: '>= 10'}
    cpu: [x64]
    os: [darwin]

  '@tauri-apps/cli-linux-arm-gnueabihf@2.11.1':
    resolution: {integrity: sha512-5i/awiBCRRhOUG8yjn0fMHXIWD5Ez8eEk5LtvOxyQrKuJkRaZDvnbIjZbE183blAwkoA4xN3aO/prJiqscl02Q==}
    engines: {node: '>= 10'}
    cpu: [arm]
    os: [linux]

  '@tauri-apps/cli-linux-arm64-gnu@2.11.1':
    resolution: {integrity: sha512-9LrwDw3S9Fygtw/Q6WDhOP+3svJRGAsejeE+GKrc0eO1ThMVhwi2LL6hw4dlKw93IfS7VY1G19sWGxJ/NcU4nA==}
    engines: {node: '>= 10'}
    cpu: [arm64]
    os: [linux]
    libc: [glibc]

  '@tauri-apps/cli-linux-arm64-musl@2.11.1':
    resolution: {integrity: sha512-mNA5dbbqPqDUdTIwdUYYuhO2GvIe9UnB2r0VU2njxBOS3Opbx4gKNC5yP0Iu4rYmEmqdlwry9VzGZQ3wq9dyFg==}
    engines: {node: '>= 10'}
    cpu: [arm64]
    os: [linux]
    libc: [musl]

  '@tauri-apps/cli-linux-riscv64-gnu@2.11.1':
    resolution: {integrity: sha512-fZj3Gwq+6fUs305T5WQiD5iSGJw+j/4w/HGmk4sHDAcy+rp9zU5eaxB7nOyz5/I/nkNAuKPqfp6uIbiUBXkBCw==}
    engines: {node: '>= 10'}
    cpu: [riscv64]
    os: [linux]
    libc: [glibc]

  '@tauri-apps/cli-linux-x64-gnu@2.11.1':
    resolution: {integrity: sha512-XFxGxOvHM7jjeD6ozCKdGfhzJ7lERYDGZl1/Kb4fsvchaJsfLJ981TlyTG8Qy/gFq+f5GitH3bfrX9JAkjPEyw==}
    engines: {node: '>= 10'}
    cpu: [x64]
    os: [linux]
    libc: [glibc]

  '@tauri-apps/cli-linux-x64-musl@2.11.1':
    resolution: {integrity: sha512-d5C2/Zm+68v7R9wTuTCjRQEVrWjcdMkJBZ1+rXse+QdMMlTB9+u9PDNDLw9PQflWxYLaYZ7tjxxL9Nb9II6PbA==}
    engines: {node: '>= 10'}
    cpu: [x64]
    os: [linux]
    libc: [musl]

  '@tauri-apps/cli-win32-arm64-msvc@2.11.1':
    resolution: {integrity: sha512-YdeVWFAR1pTXzUU6NLstPq4G6OLxuDrXCXEBdmBH+5EZIDXUx0D2kJlz3+YjpazkKvAzYpgziTsyRagls0OfRQ==}
    engines: {node: '>= 10'}
    cpu: [arm64]
    os: [win32]

  '@tauri-apps/cli-win32-ia32-msvc@2.11.1':
    resolution: {integrity: sha512-VBGkuH0eB9K9LLSMv361Gzr5Ou72sCS4+ztpmkWEQ+wd/amhcYOsf3X6qn1RJZDzIhiOYHJEOysZUC3baD01rA==}
    engines: {node: '>= 10'}
    cpu: [ia32]
    os: [win32]

  '@tauri-apps/cli-win32-x64-msvc@2.11.1':
    resolution: {integrity: sha512-b3ORhIAKgp9ZYY+zBt7b7r0kLU2kjvyGF0+MS2SBym3emsweGPybEqocJcmtMuxyBhkOKHP4CiuEJEDuAlTx6A==}
    engines: {node: '>= 10'}
    cpu: [x64]
    os: [win32]

  '@tauri-apps/cli@2.11.1':
    resolution: {integrity: sha512-rpEbaJ/HzNb6fwsquwoAbq29/Vt4gADhS423A8fdkwL4edJ0wZmoB8ar7O6JPDL834MUKOCm/rrJ7c9oAaEaYQ==}
    engines: {node: '>= 10'}
    hasBin: true

  '@tauri-apps/plugin-clipboard-manager@2.3.2':
    resolution: {integrity: sha512-CUlb5Hqi2oZbcZf4VUyUH53XWPPdtpw43EUpCza5HWZJwxEoDowFzNUDt1tRUXA8Uq+XPn17Ysfptip33sG4eQ==}

  '@tauri-apps/plugin-opener@2.5.4':
    resolution: {integrity: sha512-1HnPkb+AmgO29HBazm4uPLKB+r7zzcTBW1d0fyYp1uP+jwtpoiNDGKMMzz58SFp49nOIrxdE3aUJtT57lfO9CQ==}

  '@tauri-apps/plugin-updater@2.10.1':
    resolution: {integrity: sha512-NFYMg+tWOZPJdzE/PpFj2qfqwAWwNS3kXrb1tm1gnBJ9mYzZ4WDRrwy8udzWoAnfGCHLuePNLY1WVCNHnh3eRA==}

snapshots:

  '@tauri-apps/api@2.11.0': {}

  '@tauri-apps/cli-darwin-arm64@2.11.1':
    optional: true

  '@tauri-apps/cli-darwin-x64@2.11.1':
    optional: true

  '@tauri-apps/cli-linux-arm-gnueabihf@2.11.1':
    optional: true

  '@tauri-apps/cli-linux-arm64-gnu@2.11.1':
    optional: true

  '@tauri-apps/cli-linux-arm64-musl@2.11.1':
    optional: true

  '@tauri-apps/cli-linux-riscv64-gnu@2.11.1':
    optional: true

  '@tauri-apps/cli-linux-x64-gnu@2.11.1':
    optional: true

  '@tauri-apps/cli-linux-x64-musl@2.11.1':
    optional: true

  '@tauri-apps/cli-win32-arm64-msvc@2.11.1':
    optional: true

  '@tauri-apps/cli-win32-ia32-msvc@2.11.1':
    optional: true

  '@tauri-apps/cli-win32-x64-msvc@2.11.1':
    optional: true

  '@tauri-apps/cli@2.11.1':
    optionalDependencies:
      '@tauri-apps/cli-darwin-arm64': 2.11.1
      '@tauri-apps/cli-darwin-x64': 2.11.1
      '@tauri-apps/cli-linux-arm-gnueabihf': 2.11.1
      '@tauri-apps/cli-linux-arm64-gnu': 2.11.1
      '@tauri-apps/cli-linux-arm64-musl': 2.11.1
      '@tauri-apps/cli-linux-riscv64-gnu': 2.11.1
      '@tauri-apps/cli-linux-x64-gnu': 2.11.1
      '@tauri-apps/cli-linux-x64-musl': 2.11.1
      '@tauri-apps/cli-win32-arm64-msvc': 2.11.1
      '@tauri-apps/cli-win32-ia32-msvc': 2.11.1
      '@tauri-apps/cli-win32-x64-msvc': 2.11.1

  '@tauri-apps/plugin-clipboard-manager@2.3.2':
    dependencies:
      '@tauri-apps/api': 2.11.0

  '@tauri-apps/plugin-opener@2.5.4':
    dependencies:
      '@tauri-apps/api': 2.11.0

  '@tauri-apps/plugin-updater@2.10.1':
    dependencies:
      '@tauri-apps/api': 2.11.0
