lockfileVersion: '9.0'

settings:
  autoInstallPeers: true
  excludeLinksFromLockfile: false

importers:

  .:
    dependencies:
      '@tauri-apps/api':
        specifier: ^2.12.1
        version: 2.12.1
      '@tauri-apps/plugin-clipboard-manager':
        specifier: ^2.4.1
        version: 2.4.1
      '@tauri-apps/plugin-opener':
        specifier: ^2.7.0
        version: 2.7.0
      '@tauri-apps/plugin-updater':
        specifier: ^2.13.2
        version: 2.13.2
    devDependencies:
      '@tauri-apps/cli':
        specifier: ^2.12.1
        version: 2.12.1

packages:

  '@tauri-apps/api@2.12.1':
    resolution: {integrity: sha512-DeyFHa3wynpyoqTDikDEDGTJIq4LQ5USfolQGRmGIWT6JMADyxZBTDa5cAdT3tDg73rUXufPaCwN7aXBos4OnQ==}

  '@tauri-apps/cli-darwin-arm64@2.12.1':
    resolution: {integrity: sha512-8bMnbpJ2jKO/ufrOPL65EMHC3ptw7fzeraoQkwibyfGLqIl+UCWsC0152kmNbW6r9NvVQduXqAZF5mH1QgTWhw==}
    engines: {node: '>= 10'}
    cpu: [arm64]
    os: [darwin]

  '@tauri-apps/cli-darwin-x64@2.12.1':
    resolution: {integrity: sha512-G+2qte8GNqNlEZ9ftd21rbu/APVkl3r/nzNDI7LVxEoqJWVNe9GbEgQUMH1r4PHT20Z2UxR3KjCkltIb0e/Wjg==}
    engines: {node: '>= 10'}
    cpu: [x64]
    os: [darwin]

  '@tauri-apps/cli-linux-arm-gnueabihf@2.12.1':
    resolution: {integrity: sha512-5b3n4DaTW+A1Zntnh4Yn44VyLrlPEpB8kMOBRfWkzNnzolBk+AYhKIfKjCLmoC8Mob3ETodxAEOMkE2YPKEWzQ==}
    engines: {node: '>= 10'}
    cpu: [arm]
    os: [linux]

  '@tauri-apps/cli-linux-arm64-gnu@2.12.1':
    resolution: {integrity: sha512-APArHhDu+8pXSCkCQmvaz1nD3d8WTmlCoSS/oG475TJ6AATBvyQOAmf5qELgsQ4s2+8MOsop0Zd699RKELF1Cw==}
    engines: {node: '>= 10'}
    cpu: [arm64]
    os: [linux]
    libc: [glibc]

  '@tauri-apps/cli-linux-arm64-musl@2.12.1':
    resolution: {integrity: sha512-JaCxcLoV0oGtllVkLr4UAHWG/wTfkEunnUqnsEsGYOp0VRxnUwHg63wFBD0jU2ul5eFfSLIDS4RF2gfzsSo5Jg==}
    engines: {node: '>= 10'}
    cpu: [arm64]
    os: [linux]
    libc: [musl]

  '@tauri-apps/cli-linux-riscv64-gnu@2.12.1':
    resolution: {integrity: sha512-K5+VXM7+SGVDwZleA2+lMgvbTVuA5e1tkiVEawu1Yxj26ZyEfO8h8xTC1rBdRX2xgJDSwCk6vPUBCS6i+Z5slQ==}
    engines: {node: '>= 10'}
    cpu: [riscv64]
    os: [linux]
    libc: [glibc]

  '@tauri-apps/cli-linux-x64-gnu@2.12.1':
    resolution: {integrity: sha512-Z1QGPr49HJZMktu+Spu6Q1b/f9ANadXvqZZZt2645ua1x1ev6prOgp85eiGv2jRzohFEMLo6aJyaLjLUX5KIvA==}
    engines: {node: '>= 10'}
    cpu: [x64]
    os: [linux]
    libc: [glibc]

  '@tauri-apps/cli-linux-x64-musl@2.12.1':
    resolution: {integrity: sha512-nHuEhRPOMSJ/8RRhtMRxB9B9lVr7xxpe4DapBz8x1GIau3vdzjHHJ1hAfmw+PyayPLZ6XoaVIHPgI17rX6ii8w==}
    engines: {node: '>= 10'}
    cpu: [x64]
    os: [linux]
    libc: [musl]

  '@tauri-apps/cli-win32-arm64-msvc@2.12.1':
    resolution: {integrity: sha512-I0oPk2uGh86R8dAs2X5OxSP+/GqSc8jh1Px3l8EqrocSNivsRHDTh2k3PVOqdv163dlV6PIVvmhZAbH/lPfZrA==}
    engines: {node: '>= 10'}
    cpu: [arm64]
    os: [win32]

  '@tauri-apps/cli-win32-ia32-msvc@2.12.1':
    resolution: {integrity: sha512-baNZRBfepAJ5qNFRMwzgBk94xQmkcmTZrNDjZjnzrq2vAaTC3NAhallb/zo3hyoCGQlMS13sdovktrg46NZz6Q==}
    engines: {node: '>= 10'}
    cpu: [ia32]
    os: [win32]

  '@tauri-apps/cli-win32-x64-msvc@2.12.1':
    resolution: {integrity: sha512-dIFaKslrzcbesb+bBh+E1R9km241pHyj32w6D9FPtvQeYpRUFbiCLEa/2S+S0UnIytfxepp4P+X8IerGqnXeYg==}
    engines: {node: '>= 10'}
    cpu: [x64]
    os: [win32]

  '@tauri-apps/cli@2.12.1':
    resolution: {integrity: sha512-kEDEiGzG+yAc5FeLxtXpES/VN+F2C8H0r4gDVtfRLKxT9np9101d9REG/Kgo2lr0hKi0IpDsODiHnU3+naOmLg==}
    engines: {node: '>= 10'}
    hasBin: true

  '@tauri-apps/plugin-clipboard-manager@2.4.1':
    resolution: {integrity: sha512-5Q9hWWnsE7UF1xABWHpRwqGiyORrP9o/rJift/7V8woP/kSVF21W+bP9G7ch8Qd7pneDWUMk6hkfpLpjcC/4Ag==}

  '@tauri-apps/plugin-opener@2.7.0':
    resolution: {integrity: sha512-mBorYfVKh9Lt7s4ZFtKbMUTxBw+Y/sVmSlKCtkkoBgMTC/DIbt/kaPm67L/2djAUqDI1wbixy5OHHVmipjuGMw==}

  '@tauri-apps/plugin-updater@2.13.2':
    resolution: {integrity: sha512-ekGlOBis1gztzDVuLAI54p0117BJXzFiHzYlcq3slC0LKKsHNy6TvnIdcl9g5DLuGOnViVT6EShdQczCM50SZQ==}

snapshots:

  '@tauri-apps/api@2.12.1': {}

  '@tauri-apps/cli-darwin-arm64@2.12.1':
    optional: true

  '@tauri-apps/cli-darwin-x64@2.12.1':
    optional: true

  '@tauri-apps/cli-linux-arm-gnueabihf@2.12.1':
    optional: true

  '@tauri-apps/cli-linux-arm64-gnu@2.12.1':
    optional: true

  '@tauri-apps/cli-linux-arm64-musl@2.12.1':
    optional: true

  '@tauri-apps/cli-linux-riscv64-gnu@2.12.1':
    optional: true

  '@tauri-apps/cli-linux-x64-gnu@2.12.1':
    optional: true

  '@tauri-apps/cli-linux-x64-musl@2.12.1':
    optional: true

  '@tauri-apps/cli-win32-arm64-msvc@2.12.1':
    optional: true

  '@tauri-apps/cli-win32-ia32-msvc@2.12.1':
    optional: true

  '@tauri-apps/cli-win32-x64-msvc@2.12.1':
    optional: true

  '@tauri-apps/cli@2.12.1':
    optionalDependencies:
      '@tauri-apps/cli-darwin-arm64': 2.12.1
      '@tauri-apps/cli-darwin-x64': 2.12.1
      '@tauri-apps/cli-linux-arm-gnueabihf': 2.12.1
      '@tauri-apps/cli-linux-arm64-gnu': 2.12.1
      '@tauri-apps/cli-linux-arm64-musl': 2.12.1
      '@tauri-apps/cli-linux-riscv64-gnu': 2.12.1
      '@tauri-apps/cli-linux-x64-gnu': 2.12.1
      '@tauri-apps/cli-linux-x64-musl': 2.12.1
      '@tauri-apps/cli-win32-arm64-msvc': 2.12.1
      '@tauri-apps/cli-win32-ia32-msvc': 2.12.1
      '@tauri-apps/cli-win32-x64-msvc': 2.12.1

  '@tauri-apps/plugin-clipboard-manager@2.4.1':
    dependencies:
      '@tauri-apps/api': 2.12.1

  '@tauri-apps/plugin-opener@2.7.0':
    dependencies:
      '@tauri-apps/api': 2.12.1

  '@tauri-apps/plugin-updater@2.13.2':
    dependencies:
      '@tauri-apps/api': 2.12.1
